// !$*UTF8*$!
{
	archiveVersion = 1;
	classes = {};
	objectVersion = 56;
	objects = {

/* Begin PBXBuildFile section */
	A0AA00000000000000000070 /* AppDelegate.swift in Sources */ = {isa = PBXBuildFile; fileRef = A0AA00000000000000000040 /* AppDelegate.swift */; };
	A0AA00000000000000000071 /* MainApp.swift in Sources */ = {isa = PBXBuildFile; fileRef = A0AA00000000000000000041 /* MainApp.swift */; };
	A0AA00000000000000000072 /* MenuBarController.swift in Sources */ = {isa = PBXBuildFile; fileRef = A0AA00000000000000000042 /* MenuBarController.swift */; };
	A0AA00000000000000000073 /* PreferencesView.swift in Sources */ = {isa = PBXBuildFile; fileRef = A0AA00000000000000000043 /* PreferencesView.swift */; };
	A0AA00000000000000000074 /* MicHUDWindow.swift in Sources */ = {isa = PBXBuildFile; fileRef = A0AA00000000000000000044 /* MicHUDWindow.swift */; };
	A0AA00000000000000000075 /* MicHUDView.swift in Sources */ = {isa = PBXBuildFile; fileRef = A0AA00000000000000000045 /* MicHUDView.swift */; };
	A0AA00000000000000000076 /* AudioEngine.swift in Sources */ = {isa = PBXBuildFile; fileRef = A0AA00000000000000000046 /* AudioEngine.swift */; };
	A0AA00000000000000000077 /* VAD.swift in Sources */ = {isa = PBXBuildFile; fileRef = A0AA00000000000000000047 /* VAD.swift */; };
	A0AA00000000000000000078 /* TextInserter.swift in Sources */ = {isa = PBXBuildFile; fileRef = A0AA00000000000000000048 /* TextInserter.swift */; };
	A0AA00000000000000000079 /* SecureInputMonitor.swift in Sources */ = {isa = PBXBuildFile; fileRef = A0AA00000000000000000049 /* SecureInputMonitor.swift */; };
	A0AA0000000000000000007A /* Preferences.swift in Sources */ = {isa = PBXBuildFile; fileRef = A0AA0000000000000000004A /* Preferences.swift */; };
	A0AA0000000000000000007B /* Logger.swift in Sources */ = {isa = PBXBuildFile; fileRef = A0AA0000000000000000004B /* Logger.swift */; };
	A0AA0000000000000000007C /* BatteryThermalMonitor.swift in Sources */ = {isa = PBXBuildFile; fileRef = A0AA0000000000000000004C /* BatteryThermalMonitor.swift */; };
	A0AA0000000000000000007D /* XPCConnectionFactory.swift in Sources */ = {isa = PBXBuildFile; fileRef = A0AA0000000000000000004D /* XPCConnectionFactory.swift */; };
	A0AA0000000000000000007E /* PerformanceMetrics.swift in Sources */ = {isa = PBXBuildFile; fileRef = A0AA0000000000000000004E /* PerformanceMetrics.swift */; };
	A0AA0000000000000000007F /* Shared Resources in Resources */ = {isa = PBXBuildFile; fileRef = A0AA0000000000000000005A /* SharedResources */; };
	A0AA00000000000000000080 /* Assets.xcassets in Resources */ = {isa = PBXBuildFile; fileRef = A0AA0000000000000000005B /* Assets.xcassets */; };
	A0AA00000000000000000081 /* Info.plist in Resources */ = {isa = PBXBuildFile; fileRef = A0AA00000000000000000050 /* Info.plist */; };

	A0AA00000000000000000090 /* ASRService.swift in Sources */ = {isa = PBXBuildFile; fileRef = A0AA00000000000000000060 /* ASRService.swift */; };
	A0AA00000000000000000091 /* WhisperEngine.swift in Sources */ = {isa = PBXBuildFile; fileRef = A0AA00000000000000000061 /* WhisperEngine.swift */; };
	A0AA00000000000000000092 /* ModelLoader.swift in Sources */ = {isa = PBXBuildFile; fileRef = A0AA00000000000000000062 /* ModelLoader.swift */; };
	A0AA00000000000000000093 /* ASRService main.swift in Sources */ = {isa = PBXBuildFile; fileRef = A0AA00000000000000000063 /* main.swift */; };
	A0AA00000000000000000094 /* ASRService Info.plist in Resources */ = {isa = PBXBuildFile; fileRef = A0AA00000000000000000064 /* ASR Info.plist */; };

	A0AA000000000000000000A0 /* LLMService.swift in Sources */ = {isa = PBXBuildFile; fileRef = A0AA00000000000000000065 /* LLMService.swift */; };
	A0AA000000000000000000A1 /* FormatterEngine.swift in Sources */ = {isa = PBXBuildFile; fileRef = A0AA00000000000000000066 /* FormatterEngine.swift */; };
	A0AA000000000000000000A2 /* LLMService main.swift in Sources */ = {isa = PBXBuildFile; fileRef = A0AA00000000000000000067 /* LLM main.swift */; };
	A0AA000000000000000000A3 /* LLMService Info.plist in Resources */ = {isa = PBXBuildFile; fileRef = A0AA00000000000000000068 /* LLM Info.plist */; };

	A0AA000000000000000000B0 /* AudioVADService.swift in Sources */ = {isa = PBXBuildFile; fileRef = A0AA00000000000000000069 /* AudioVADService.swift */; };
	A0AA000000000000000000B1 /* AudioVAD main.swift in Sources */ = {isa = PBXBuildFile; fileRef = A0AA0000000000000000006A /* AudioVAD main.swift */; };
	A0AA000000000000000000B2 /* AudioVAD Info.plist in Resources */ = {isa = PBXBuildFile; fileRef = A0AA0000000000000000006B /* AudioVAD Info.plist */; };

	A0AA000000000000000000C0 /* ASRService.xpc in CopyFiles */ = {isa = PBXBuildFile; fileRef = A0AA00000000000000000012 /* ASRService.xpc */; };
	A0AA000000000000000000C1 /* LLMService.xpc in CopyFiles */ = {isa = PBXBuildFile; fileRef = A0AA00000000000000000022 /* LLMService.xpc */; };
	A0AA000000000000000000C2 /* AudioVADService.xpc in CopyFiles */ = {isa = PBXBuildFile; fileRef = A0AA00000000000000000032 /* AudioVADService.xpc */; };

	A0AA000000000000000000D0 /* ASRServiceProtocol.swift in Sources */ = {isa = PBXBuildFile; fileRef = A0AA00000000000000000052 /* ASRServiceProtocol.swift */; };
	A0AA000000000000000000D1 /* LLMServiceProtocol.swift in Sources */ = {isa = PBXBuildFile; fileRef = A0AA00000000000000000053 /* LLMServiceProtocol.swift */; };
	A0AA000000000000000000D2 /* AudioVADServiceProtocol.swift in Sources */ = {isa = PBXBuildFile; fileRef = A0AA00000000000000000054 /* AudioVADServiceProtocol.swift */; };
/* End PBXBuildFile section */

/* Begin PBXCopyFilesBuildPhase section */
	A0AA00000000000000000006 /* Copy XPC Services */ = {
		isa = PBXCopyFilesBuildPhase;
		buildActionMask = 2147483647;
		dstPath = "Contents/XPCServices";
		dstSubfolderSpec = 1;
		files = (
			A0AA000000000000000000C0 /* ASRService.xpc in CopyFiles */,
			A0AA000000000000000000C1 /* LLMService.xpc in CopyFiles */,
			A0AA000000000000000000C2 /* AudioVADService.xpc in CopyFiles */,
		);
		name = "Copy XPC Services";
		runOnlyForDeploymentPostprocessing = 0;
	};
/* End PBXCopyFilesBuildPhase section */

/* Begin PBXFileReference section */
	A0AA00000000000000000002 /* mjvoice.app */ = {isa = PBXFileReference; explicitFileType = wrapper.application; includeInIndex = 0; path = mjvoice.app; sourceTree = BUILT_PRODUCTS_DIR; };
	A0AA00000000000000000012 /* ASRService.xpc */ = {isa = PBXFileReference; explicitFileType = wrapper.xpc-service; includeInIndex = 0; path = ASRService.xpc; sourceTree = BUILT_PRODUCTS_DIR; };
	A0AA00000000000000000022 /* LLMService.xpc */ = {isa = PBXFileReference; explicitFileType = wrapper.xpc-service; includeInIndex = 0; path = LLMService.xpc; sourceTree = BUILT_PRODUCTS_DIR; };
	A0AA00000000000000000032 /* AudioVADService.xpc */ = {isa = PBXFileReference; explicitFileType = wrapper.xpc-service; includeInIndex = 0; path = AudioVADService.xpc; sourceTree = BUILT_PRODUCTS_DIR; };

	A0AA00000000000000000040 /* AppDelegate.swift */ = {isa = PBXFileReference; lastKnownFileType = sourcecode.swift; path = AppDelegate.swift; sourceTree = "<group>"; };
	A0AA00000000000000000041 /* MainApp.swift */ = {isa = PBXFileReference; lastKnownFileType = sourcecode.swift; path = MainApp.swift; sourceTree = "<group>"; };
	A0AA00000000000000000042 /* MenuBarController.swift */ = {isa = PBXFileReference; lastKnownFileType = sourcecode.swift; path = MenuBarController.swift; sourceTree = "<group>"; };
	A0AA00000000000000000043 /* PreferencesView.swift */ = {isa = PBXFileReference; lastKnownFileType = sourcecode.swift; path = PreferencesView.swift; sourceTree = "<group>"; };
	A0AA00000000000000000044 /* MicHUDWindow.swift */ = {isa = PBXFileReference; lastKnownFileType = sourcecode.swift; path = MicHUDWindow.swift; sourceTree = "<group>"; };
	A0AA00000000000000000045 /* MicHUDView.swift */ = {isa = PBXFileReference; lastKnownFileType = sourcecode.swift; path = MicHUDView.swift; sourceTree = "<group>"; };
	A0AA00000000000000000046 /* AudioEngine.swift */ = {isa = PBXFileReference; lastKnownFileType = sourcecode.swift; path = AudioEngine.swift; sourceTree = "<group>"; };
	A0AA00000000000000000047 /* VAD.swift */ = {isa = PBXFileReference; lastKnownFileType = sourcecode.swift; path = VAD.swift; sourceTree = "<group>"; };
	A0AA00000000000000000048 /* TextInserter.swift */ = {isa = PBXFileReference; lastKnownFileType = sourcecode.swift; path = TextInserter.swift; sourceTree = "<group>"; };
	A0AA00000000000000000049 /* SecureInputMonitor.swift */ = {isa = PBXFileReference; lastKnownFileType = sourcecode.swift; path = SecureInputMonitor.swift; sourceTree = "<group>"; };
	A0AA0000000000000000004A /* Preferences.swift */ = {isa = PBXFileReference; lastKnownFileType = sourcecode.swift; path = Preferences.swift; sourceTree = "<group>"; };
	A0AA0000000000000000004B /* Logger.swift */ = {isa = PBXFileReference; lastKnownFileType = sourcecode.swift; path = Logger.swift; sourceTree = "<group>"; };
	A0AA0000000000000000004C /* BatteryThermalMonitor.swift */ = {isa = PBXFileReference; lastKnownFileType = sourcecode.swift; path = BatteryThermalMonitor.swift; sourceTree = "<group>"; };
	A0AA0000000000000000004D /* XPCConnectionFactory.swift */ = {isa = PBXFileReference; lastKnownFileType = sourcecode.swift; path = XPCConnectionFactory.swift; sourceTree = "<group>"; };
	A0AA0000000000000000004E /* PerformanceMetrics.swift */ = {isa = PBXFileReference; lastKnownFileType = sourcecode.swift; path = PerformanceMetrics.swift; sourceTree = "<group>"; };
	A0AA00000000000000000050 /* Info.plist */ = {isa = PBXFileReference; lastKnownFileType = text.plist.xml; path = Info.plist; sourceTree = "<group>"; };
	A0AA00000000000000000051 /* mjvoice.entitlements */ = {isa = PBXFileReference; lastKnownFileType = text.plist.entitlements; path = mjvoice.entitlements; sourceTree = "<group>"; };

	A0AA00000000000000000052 /* ASRServiceProtocol.swift */ = {isa = PBXFileReference; lastKnownFileType = sourcecode.swift; path = ASRServiceProtocol.swift; sourceTree = "<group>"; };
	A0AA00000000000000000053 /* LLMServiceProtocol.swift */ = {isa = PBXFileReference; lastKnownFileType = sourcecode.swift; path = LLMServiceProtocol.swift; sourceTree = "<group>"; };
	A0AA00000000000000000054 /* AudioVADServiceProtocol.swift */ = {isa = PBXFileReference; lastKnownFileType = sourcecode.swift; path = AudioVADServiceProtocol.swift; sourceTree = "<group>"; };
	A0AA0000000000000000005A /* SharedResources */ = {isa = PBXFileReference; lastKnownFileType = folder; path = Resources; sourceTree = "<group>"; };
	A0AA0000000000000000005B /* Assets.xcassets */ = {isa = PBXFileReference; lastKnownFileType = folder.assetcatalog; path = Assets.xcassets; sourceTree = "<group>"; };

	A0AA00000000000000000060 /* ASRService.swift */ = {isa = PBXFileReference; lastKnownFileType = sourcecode.swift; path = ASRService.swift; sourceTree = "<group>"; };
	A0AA00000000000000000061 /* WhisperEngine.swift */ = {isa = PBXFileReference; lastKnownFileType = sourcecode.swift; path = WhisperEngine.swift; sourceTree = "<group>"; };
	A0AA00000000000000000062 /* ModelLoader.swift */ = {isa = PBXFileReference; lastKnownFileType = sourcecode.swift; path = ModelLoader.swift; sourceTree = "<group>"; };
	A0AA00000000000000000063 /* main.swift */ = {isa = PBXFileReference; lastKnownFileType = sourcecode.swift; path = main.swift; sourceTree = "<group>"; };
	A0AA00000000000000000064 /* ASR Info.plist */ = {isa = PBXFileReference; lastKnownFileType = text.plist.xml; path = Info.plist; sourceTree = "<group>"; };
	A0AA00000000000000000055 /* ASRService.entitlements */ = {isa = PBXFileReference; lastKnownFileType = text.plist.entitlements; path = ASRService.entitlements; sourceTree = "<group>"; };

	A0AA00000000000000000065 /* LLMService.swift */ = {isa = PBXFileReference; lastKnownFileType = sourcecode.swift; path = LLMService.swift; sourceTree = "<group>"; };
	A0AA00000000000000000066 /* FormatterEngine.swift */ = {isa = PBXFileReference; lastKnownFileType = sourcecode.swift; path = FormatterEngine.swift; sourceTree = "<group>"; };
	A0AA00000000000000000067 /* LLM main.swift */ = {isa = PBXFileReference; lastKnownFileType = sourcecode.swift; path = main.swift; sourceTree = "<group>"; };
	A0AA00000000000000000068 /* LLM Info.plist */ = {isa = PBXFileReference; lastKnownFileType = text.plist.xml; path = Info.plist; sourceTree = "<group>"; };
	A0AA00000000000000000056 /* LLMService.entitlements */ = {isa = PBXFileReference; lastKnownFileType = text.plist.entitlements; path = LLMService.entitlements; sourceTree = "<group>"; };

	A0AA00000000000000000069 /* AudioVADService.swift */ = {isa = PBXFileReference; lastKnownFileType = sourcecode.swift; path = AudioVADService.swift; sourceTree = "<group>"; };
	A0AA0000000000000000006A /* AudioVAD main.swift */ = {isa = PBXFileReference; lastKnownFileType = sourcecode.swift; path = main.swift; sourceTree = "<group>"; };
	A0AA0000000000000000006B /* AudioVAD Info.plist */ = {isa = PBXFileReference; lastKnownFileType = text.plist.xml; path = Info.plist; sourceTree = "<group>"; };
	A0AA00000000000000000057 /* AudioVADService.entitlements */ = {isa = PBXFileReference; lastKnownFileType = text.plist.entitlements; path = AudioVADService.entitlements; sourceTree = "<group>"; };
/* End PBXFileReference section */

/* Begin PBXFrameworksBuildPhase section */
	A0AA00000000000000000004 /* Frameworks */ = {isa = PBXFrameworksBuildPhase; buildActionMask = 2147483647; files = (); runOnlyForDeploymentPostprocessing = 0; };
	A0AA00000000000000000015 /* Frameworks */ = {isa = PBXFrameworksBuildPhase; buildActionMask = 2147483647; files = (); runOnlyForDeploymentPostprocessing = 0; };
	A0AA00000000000000000025 /* Frameworks */ = {isa = PBXFrameworksBuildPhase; buildActionMask = 2147483647; files = (); runOnlyForDeploymentPostprocessing = 0; };
	A0AA00000000000000000035 /* Frameworks */ = {isa = PBXFrameworksBuildPhase; buildActionMask = 2147483647; files = (); runOnlyForDeploymentPostprocessing = 0; };
A0AA00000000000000000101 /* CoreML.framework */ = {isa = PBXFileReference; lastKnownFileType = wrapper.framework; name = CoreML.framework; path = System/Library/Frameworks/CoreML.framework; sourceTree = SDKROOT; };
A0AA00000000000000000105 /* Accelerate.framework */ = {isa = PBXFileReference; lastKnownFileType = wrapper.framework; name = Accelerate.framework; path = System/Library/Frameworks/Accelerate.framework; sourceTree = SDKROOT; };
A0AA00000000000000000102 /* CoreML.framework in Frameworks */ = {isa = PBXBuildFile; fileRef = A0AA00000000000000000101 /* CoreML.framework */; };
A0AA00000000000000000104 /* Accelerate.framework in Frameworks */ = {isa = PBXBuildFile; fileRef = A0AA00000000000000000105 /* Accelerate.framework */; };\nA0AA00000000000000000106 /* Accelerate.framework in Frameworks */ = {isa = PBXBuildFile; fileRef = A0AA00000000000000000105 /* Accelerate.framework */; };\n// ... existing code ...\nA0AA00000000000000000004 /* Frameworks */ = {\n\tisa = PBXFrameworksBuildPhase;\n\tbuildActionMask = 2147483647;\n\tfiles = (\n\t\tA0AA00000000000000000106 /* Accelerate.framework in Frameworks */,\n\t);\n\trunOnlyForDeploymentPostprocessing = 0;\n};\n// ... existing code ...
